
Microsoft Visual Studio Solution File, Format Version 12.00
# Visual Studio Version 16
VisualStudioVersion = 16.0.30907.101
MinimumVisualStudioVersion = 10.0.40219.1
Project("{9A19103F-16F7-4668-BE54-9A1E7A4F7556}") = "Snake", "Snake\Snake.csproj", "{86E199FA-1855-4905-A4BD-E92FF48FAC62}"
EndProject
Project("{2150E333-8FDC-42A3-9474-1A3956D46DE8}") = "Solution Items", "Solution Items", "{61F3C134-7425-4610-B20A-766D401A21F9}"
	ProjectSection(SolutionItems) = preProject
		TextFile1.txt = TextFile1.txt
	EndProjectSection
EndProject
Global
	GlobalSection(SolutionConfigurationPlatforms) = preSolution
		Debug|Any CPU = Debug|Any CPU
		Release|Any CPU = Release|Any CPU
	EndGlobalSection
	GlobalSection(ProjectConfigurationPlatforms) = postSolution
		{86E199FA-1855-4905-A4BD-E92FF48FAC62}.Debug|Any CPU.ActiveCfg = Debug|Any CPU
		{86E199FA-1855-4905-A4BD-E92FF48FAC62}.Debug|Any CPU.Build.0 = Debug|Any CPU
		{86E199FA-1855-4905-A4BD-E92FF48FAC62}.Release|Any CPU.ActiveCfg = Release|Any CPU
		{86E199FA-1855-4905-A4BD-E92FF48FAC62}.Release|Any CPU.Build.0 = Release|Any CPU
	EndGlobalSection
	GlobalSection(SolutionProperties) = preSolution
		HideSolutionNode = FALSE
	EndGlobalSection
	GlobalSection(ExtensibilityGlobals) = postSolution
		SolutionGuid = {B607F339-666F-43A1-943A-34163ED732A6}
	EndGlobalSection
EndGlobal
